
Microsoft Visual Studio Solution File, Format Version 12.00
# Visual Studio Version 17
VisualStudioVersion = 17.1.32328.378
MinimumVisualStudioVersion = 10.0.40219.1
Project("{9A19103F-16F7-4668-BE54-9A1E7A4F7556}") = "AssetRipper.AssemblyDumper", "AssetRipper.AssemblyDumper\AssetRipper.AssemblyDumper.csproj", "{DE0C3A7A-8B50-4A25-8270-A2A1C188F45C}"
EndProject
Project("{2150E333-8FDC-42A3-9474-1A3956D46DE8}") = "AssetRipper", "AssetRipper", "{01351761-6949-4784-B493-478F9886273B}"
EndProject
Project("{2150E333-8FDC-42A3-9474-1A3956D46DE8}") = "AssemblyCreation", "AssemblyCreation", "{8459F9B6-733D-466B-9076-4B4576AC572D}"
EndProject
Project("{9A19103F-16F7-4668-BE54-9A1E7A4F7556}") = "AssemblyCreationTools", "AssemblyCreationTools\AssemblyCreationTools.csproj", "{3060C500-2EC8-4DA3-8C4D-49C26EEE1F3A}"
EndProject
Project("{9A19103F-16F7-4668-BE54-9A1E7A4F7556}") = "AssemblyCreationTools.Example", "AssemblyCreationTools.Example\AssemblyCreationTools.Example.csproj", "{6B852BCB-E1A8-4EE1-96D3-F325A2118FD2}"
EndProject
Project("{9A19103F-16F7-4668-BE54-9A1E7A4F7556}") = "ReferenceLibrary", "ReferenceLibrary\ReferenceLibrary.csproj", "{9B281FC8-9848-45AE-AE94-7DD2C20C0A7D}"
EndProject
Project("{2150E333-8FDC-42A3-9474-1A3956D46DE8}") = "Solution Items", "Solution Items", "{BF4F464E-6F57-48E2-AAC5-08D1AD1F56FE}"
	ProjectSection(SolutionItems) = preProject
		.editorconfig = .editorconfig
		.gitignore = .gitignore
		generate.bat = generate.bat
		LICENSE.md = LICENSE.md
		README.md = README.md
	EndProjectSection
EndProject
Project("{9A19103F-16F7-4668-BE54-9A1E7A4F7556}") = "AssetRipper.AssemblyDumper.Tests", "AssetRipper.AssemblyDumper.Tests\AssetRipper.AssemblyDumper.Tests.csproj", "{5F5A18B7-6EAD-42BC-A786-9E32E9C1FC70}"
EndProject
Project("{9A19103F-16F7-4668-BE54-9A1E7A4F7556}") = "AssetRipper.Yaml", "..\AssetRipper\Source\AssetRipper.Yaml\AssetRipper.Yaml.csproj", "{38B2E3CF-780F-47FA-8C88-4BAD6DB55108}"
EndProject
Project("{9A19103F-16F7-4668-BE54-9A1E7A4F7556}") = "AssetRipper.DocExtraction", "AssetRipper.DocExtraction\AssetRipper.DocExtraction.csproj", "{1C2DF3A7-94FC-4040-A8E3-33E97DBE0369}"
EndProject
Project("{9A19103F-16F7-4668-BE54-9A1E7A4F7556}") = "AssetRipper.DocExtraction.ConsoleApp", "AssetRipper.DocExtraction.ConsoleApp\AssetRipper.DocExtraction.ConsoleApp.csproj", "{B19AA42C-51E1-4845-9A07-13B60B3BB07B}"
EndProject
Project("{9A19103F-16F7-4668-BE54-9A1E7A4F7556}") = "AssetRipper.AssemblyDumper.Utils", "AssetRipper.AssemblyDumper.Utils\AssetRipper.AssemblyDumper.Utils.csproj", "{3A871555-4360-4D89-996A-1674F6F3D9CD}"
EndProject
Project("{9A19103F-16F7-4668-BE54-9A1E7A4F7556}") = "AssetRipper.AssemblyDumper.Recompiler", "AssetRipper.AssemblyDumper.Recompiler\AssetRipper.AssemblyDumper.Recompiler.csproj", "{F3A24EFD-FE70-4179-8FA0-DC48D8AE6522}"
EndProject
Project("{9A19103F-16F7-4668-BE54-9A1E7A4F7556}") = "AssetRipper.Assets", "..\AssetRipper\Source\AssetRipper.Assets\AssetRipper.Assets.csproj", "{002CDA91-A6DD-48CE-9C97-C433BB4DAB39}"
EndProject
Project("{9A19103F-16F7-4668-BE54-9A1E7A4F7556}") = "AssetRipper.IO.Files", "..\AssetRipper\Source\AssetRipper.IO.Files\AssetRipper.IO.Files.csproj", "{7AA82E00-DE13-47E8-A263-BE28E8171ED7}"
EndProject
Project("{9A19103F-16F7-4668-BE54-9A1E7A4F7556}") = "AssetRipper.Numerics", "..\AssetRipper\Source\AssetRipper.Numerics\AssetRipper.Numerics.csproj", "{E4CDB120-28B8-491F-A22F-6595BCEF0707}"
EndProject
Project("{9A19103F-16F7-4668-BE54-9A1E7A4F7556}") = "AssetRipper.AssemblyDumper.Downloader", "AssetRipper.AssemblyDumper.Downloader\AssetRipper.AssemblyDumper.Downloader.csproj", "{88F4C6A7-CCFC-47AF-8E58-5DE5596BE0D4}"
EndProject
Project("{9A19103F-16F7-4668-BE54-9A1E7A4F7556}") = "AssetRipper.AssemblyDumper.NuGetFixer", "AssetRipper.AssemblyDumper.NuGetFixer\AssetRipper.AssemblyDumper.NuGetFixer.csproj", "{3B877294-B096-45CC-A0D6-3770E100523A}"
EndProject
Global
	GlobalSection(SolutionConfigurationPlatforms) = preSolution
		Debug|Any CPU = Debug|Any CPU
		Release|Any CPU = Release|Any CPU
	EndGlobalSection
	GlobalSection(ProjectConfigurationPlatforms) = postSolution
		{DE0C3A7A-8B50-4A25-8270-A2A1C188F45C}.Debug|Any CPU.ActiveCfg = Debug|Any CPU
		{DE0C3A7A-8B50-4A25-8270-A2A1C188F45C}.Debug|Any CPU.Build.0 = Debug|Any CPU
		{DE0C3A7A-8B50-4A25-8270-A2A1C188F45C}.Release|Any CPU.ActiveCfg = Release|Any CPU
		{DE0C3A7A-8B50-4A25-8270-A2A1C188F45C}.Release|Any CPU.Build.0 = Release|Any CPU
		{3060C500-2EC8-4DA3-8C4D-49C26EEE1F3A}.Debug|Any CPU.ActiveCfg = Debug|Any CPU
		{3060C500-2EC8-4DA3-8C4D-49C26EEE1F3A}.Debug|Any CPU.Build.0 = Debug|Any CPU
		{3060C500-2EC8-4DA3-8C4D-49C26EEE1F3A}.Release|Any CPU.ActiveCfg = Release|Any CPU
		{3060C500-2EC8-4DA3-8C4D-49C26EEE1F3A}.Release|Any CPU.Build.0 = Release|Any CPU
		{6B852BCB-E1A8-4EE1-96D3-F325A2118FD2}.Debug|Any CPU.ActiveCfg = Debug|Any CPU
		{6B852BCB-E1A8-4EE1-96D3-F325A2118FD2}.Debug|Any CPU.Build.0 = Debug|Any CPU
		{6B852BCB-E1A8-4EE1-96D3-F325A2118FD2}.Release|Any CPU.ActiveCfg = Release|Any CPU
		{6B852BCB-E1A8-4EE1-96D3-F325A2118FD2}.Release|Any CPU.Build.0 = Release|Any CPU
		{9B281FC8-9848-45AE-AE94-7DD2C20C0A7D}.Debug|Any CPU.ActiveCfg = Debug|Any CPU
		{9B281FC8-9848-45AE-AE94-7DD2C20C0A7D}.Debug|Any CPU.Build.0 = Debug|Any CPU
		{9B281FC8-9848-45AE-AE94-7DD2C20C0A7D}.Release|Any CPU.ActiveCfg = Release|Any CPU
		{9B281FC8-9848-45AE-AE94-7DD2C20C0A7D}.Release|Any CPU.Build.0 = Release|Any CPU
		{5F5A18B7-6EAD-42BC-A786-9E32E9C1FC70}.Debug|Any CPU.ActiveCfg = Debug|Any CPU
		{5F5A18B7-6EAD-42BC-A786-9E32E9C1FC70}.Debug|Any CPU.Build.0 = Debug|Any CPU
		{5F5A18B7-6EAD-42BC-A786-9E32E9C1FC70}.Release|Any CPU.ActiveCfg = Release|Any CPU
		{5F5A18B7-6EAD-42BC-A786-9E32E9C1FC70}.Release|Any CPU.Build.0 = Release|Any CPU
		{38B2E3CF-780F-47FA-8C88-4BAD6DB55108}.Debug|Any CPU.ActiveCfg = Debug|Any CPU
		{38B2E3CF-780F-47FA-8C88-4BAD6DB55108}.Debug|Any CPU.Build.0 = Debug|Any CPU
		{38B2E3CF-780F-47FA-8C88-4BAD6DB55108}.Release|Any CPU.ActiveCfg = Release|Any CPU
		{38B2E3CF-780F-47FA-8C88-4BAD6DB55108}.Release|Any CPU.Build.0 = Release|Any CPU
		{1C2DF3A7-94FC-4040-A8E3-33E97DBE0369}.Debug|Any CPU.ActiveCfg = Debug|Any CPU
		{1C2DF3A7-94FC-4040-A8E3-33E97DBE0369}.Debug|Any CPU.Build.0 = Debug|Any CPU
		{1C2DF3A7-94FC-4040-A8E3-33E97DBE0369}.Release|Any CPU.ActiveCfg = Release|Any CPU
		{1C2DF3A7-94FC-4040-A8E3-33E97DBE0369}.Release|Any CPU.Build.0 = Release|Any CPU
		{B19AA42C-51E1-4845-9A07-13B60B3BB07B}.Debug|Any CPU.ActiveCfg = Debug|Any CPU
		{B19AA42C-51E1-4845-9A07-13B60B3BB07B}.Debug|Any CPU.Build.0 = Debug|Any CPU
		{B19AA42C-51E1-4845-9A07-13B60B3BB07B}.Release|Any CPU.ActiveCfg = Release|Any CPU
		{B19AA42C-51E1-4845-9A07-13B60B3BB07B}.Release|Any CPU.Build.0 = Release|Any CPU
		{3A871555-4360-4D89-996A-1674F6F3D9CD}.Debug|Any CPU.ActiveCfg = Debug|Any CPU
		{3A871555-4360-4D89-996A-1674F6F3D9CD}.Debug|Any CPU.Build.0 = Debug|Any CPU
		{3A871555-4360-4D89-996A-1674F6F3D9CD}.Release|Any CPU.ActiveCfg = Release|Any CPU
		{3A871555-4360-4D89-996A-1674F6F3D9CD}.Release|Any CPU.Build.0 = Release|Any CPU
		{F3A24EFD-FE70-4179-8FA0-DC48D8AE6522}.Debug|Any CPU.ActiveCfg = Debug|Any CPU
		{F3A24EFD-FE70-4179-8FA0-DC48D8AE6522}.Debug|Any CPU.Build.0 = Debug|Any CPU
		{F3A24EFD-FE70-4179-8FA0-DC48D8AE6522}.Release|Any CPU.ActiveCfg = Release|Any CPU
		{F3A24EFD-FE70-4179-8FA0-DC48D8AE6522}.Release|Any CPU.Build.0 = Release|Any CPU
		{002CDA91-A6DD-48CE-9C97-C433BB4DAB39}.Debug|Any CPU.ActiveCfg = Debug|Any CPU
		{002CDA91-A6DD-48CE-9C97-C433BB4DAB39}.Debug|Any CPU.Build.0 = Debug|Any CPU
		{002CDA91-A6DD-48CE-9C97-C433BB4DAB39}.Release|Any CPU.ActiveCfg = Release|Any CPU
		{002CDA91-A6DD-48CE-9C97-C433BB4DAB39}.Release|Any CPU.Build.0 = Release|Any CPU
		{7AA82E00-DE13-47E8-A263-BE28E8171ED7}.Debug|Any CPU.ActiveCfg = Debug|Any CPU
		{7AA82E00-DE13-47E8-A263-BE28E8171ED7}.Debug|Any CPU.Build.0 = Debug|Any CPU
		{7AA82E00-DE13-47E8-A263-BE28E8171ED7}.Release|Any CPU.ActiveCfg = Release|Any CPU
		{7AA82E00-DE13-47E8-A263-BE28E8171ED7}.Release|Any CPU.Build.0 = Release|Any CPU
		{E4CDB120-28B8-491F-A22F-6595BCEF0707}.Debug|Any CPU.ActiveCfg = Debug|Any CPU
		{E4CDB120-28B8-491F-A22F-6595BCEF0707}.Debug|Any CPU.Build.0 = Debug|Any CPU
		{E4CDB120-28B8-491F-A22F-6595BCEF0707}.Release|Any CPU.ActiveCfg = Release|Any CPU
		{E4CDB120-28B8-491F-A22F-6595BCEF0707}.Release|Any CPU.Build.0 = Release|Any CPU
		{88F4C6A7-CCFC-47AF-8E58-5DE5596BE0D4}.Debug|Any CPU.ActiveCfg = Debug|Any CPU
		{88F4C6A7-CCFC-47AF-8E58-5DE5596BE0D4}.Debug|Any CPU.Build.0 = Debug|Any CPU
		{88F4C6A7-CCFC-47AF-8E58-5DE5596BE0D4}.Release|Any CPU.ActiveCfg = Release|Any CPU
		{88F4C6A7-CCFC-47AF-8E58-5DE5596BE0D4}.Release|Any CPU.Build.0 = Release|Any CPU
		{3B877294-B096-45CC-A0D6-3770E100523A}.Debug|Any CPU.ActiveCfg = Debug|Any CPU
		{3B877294-B096-45CC-A0D6-3770E100523A}.Debug|Any CPU.Build.0 = Debug|Any CPU
		{3B877294-B096-45CC-A0D6-3770E100523A}.Release|Any CPU.ActiveCfg = Release|Any CPU
		{3B877294-B096-45CC-A0D6-3770E100523A}.Release|Any CPU.Build.0 = Release|Any CPU
	EndGlobalSection
	GlobalSection(SolutionProperties) = preSolution
		HideSolutionNode = FALSE
	EndGlobalSection
	GlobalSection(NestedProjects) = preSolution
		{3060C500-2EC8-4DA3-8C4D-49C26EEE1F3A} = {8459F9B6-733D-466B-9076-4B4576AC572D}
		{6B852BCB-E1A8-4EE1-96D3-F325A2118FD2} = {8459F9B6-733D-466B-9076-4B4576AC572D}
		{9B281FC8-9848-45AE-AE94-7DD2C20C0A7D} = {8459F9B6-733D-466B-9076-4B4576AC572D}
		{38B2E3CF-780F-47FA-8C88-4BAD6DB55108} = {01351761-6949-4784-B493-478F9886273B}
		{002CDA91-A6DD-48CE-9C97-C433BB4DAB39} = {01351761-6949-4784-B493-478F9886273B}
		{7AA82E00-DE13-47E8-A263-BE28E8171ED7} = {01351761-6949-4784-B493-478F9886273B}
		{E4CDB120-28B8-491F-A22F-6595BCEF0707} = {01351761-6949-4784-B493-478F9886273B}
	EndGlobalSection
	GlobalSection(ExtensibilityGlobals) = postSolution
		SolutionGuid = {75198E33-4C14-4946-8786-781402305986}
	EndGlobalSection
EndGlobal
